
Microsoft Visual Studio Solution File, Format Version 12.00
# Visual Studio 14
VisualStudioVersion = 14.0.25123.0
MinimumVisualStudioVersion = 10.0.40219.1
Project("{FAE04EC0-301F-11D3-BF4B-00C04F79EFBC}") = "Math.Droid", "Math\Math.Droid\Math.Droid.csproj", "{FED461CA-E094-4C07-8869-8CD65F84B912}"
EndProject
Project("{FAE04EC0-301F-11D3-BF4B-00C04F79EFBC}") = "Math.iOS", "Math\Math.iOS\Math.iOS.csproj", "{C0676A31-3E8E-43B8-8C73-085592E988CA}"
EndProject
Project("{FAE04EC0-301F-11D3-BF4B-00C04F79EFBC}") = "Math.WinPhone", "Math\Math.WinPhone\Math.WinPhone.csproj", "{0B6B8C75-1647-400E-9C03-DFEAD229422B}"
EndProject
Project("{FAE04EC0-301F-11D3-BF4B-00C04F79EFBC}") = "Math.UWP", "Math\Math.UWP\Math.UWP.csproj", "{E55CD9EA-CB41-463B-A51C-8571CDC850AF}"
EndProject
Project("{FAE04EC0-301F-11D3-BF4B-00C04F79EFBC}") = "Math.Windows", "Math\Math.Windows\Math.Windows.csproj", "{374D66CE-456F-43F3-889D-E0A89F54AF5F}"
EndProject
Project("{FAE04EC0-301F-11D3-BF4B-00C04F79EFBC}") = "Math", "Math\Math\Math.csproj", "{503F96D4-7A2E-49C6-BC26-8489C5234233}"
EndProject
Global
	GlobalSection(SolutionConfigurationPlatforms) = preSolution
		Ad-Hoc|Any CPU = Ad-Hoc|Any CPU
		Ad-Hoc|ARM = Ad-Hoc|ARM
		Ad-Hoc|iPhone = Ad-Hoc|iPhone
		Ad-Hoc|iPhoneSimulator = Ad-Hoc|iPhoneSimulator
		Ad-Hoc|x64 = Ad-Hoc|x64
		Ad-Hoc|x86 = Ad-Hoc|x86
		AppStore|Any CPU = AppStore|Any CPU
		AppStore|ARM = AppStore|ARM
		AppStore|iPhone = AppStore|iPhone
		AppStore|iPhoneSimulator = AppStore|iPhoneSimulator
		AppStore|x64 = AppStore|x64
		AppStore|x86 = AppStore|x86
		Debug|Any CPU = Debug|Any CPU
		Debug|ARM = Debug|ARM
		Debug|iPhone = Debug|iPhone
		Debug|iPhoneSimulator = Debug|iPhoneSimulator
		Debug|x64 = Debug|x64
		Debug|x86 = Debug|x86
		Release|Any CPU = Release|Any CPU
		Release|ARM = Release|ARM
		Release|iPhone = Release|iPhone
		Release|iPhoneSimulator = Release|iPhoneSimulator
		Release|x64 = Release|x64
		Release|x86 = Release|x86
	EndGlobalSection
	GlobalSection(ProjectConfigurationPlatforms) = postSolution
		{FED461CA-E094-4C07-8869-8CD65F84B912}.Ad-Hoc|Any CPU.ActiveCfg = Release|Any CPU
		{FED461CA-E094-4C07-8869-8CD65F84B912}.Ad-Hoc|Any CPU.Build.0 = Release|Any CPU
		{FED461CA-E094-4C07-8869-8CD65F84B912}.Ad-Hoc|Any CPU.Deploy.0 = Release|Any CPU
		{FED461CA-E094-4C07-8869-8CD65F84B912}.Ad-Hoc|ARM.ActiveCfg = Release|Any CPU
		{FED461CA-E094-4C07-8869-8CD65F84B912}.Ad-Hoc|ARM.Build.0 = Release|Any CPU
		{FED461CA-E094-4C07-8869-8CD65F84B912}.Ad-Hoc|ARM.Deploy.0 = Release|Any CPU
		{FED461CA-E094-4C07-8869-8CD65F84B912}.Ad-Hoc|iPhone.ActiveCfg = Release|Any CPU
		{FED461CA-E094-4C07-8869-8CD65F84B912}.Ad-Hoc|iPhone.Build.0 = Release|Any CPU
		{FED461CA-E094-4C07-8869-8CD65F84B912}.Ad-Hoc|iPhone.Deploy.0 = Release|Any CPU
		{FED461CA-E094-4C07-8869-8CD65F84B912}.Ad-Hoc|iPhoneSimulator.ActiveCfg = Release|Any CPU
		{FED461CA-E094-4C07-8869-8CD65F84B912}.Ad-Hoc|iPhoneSimulator.Build.0 = Release|Any CPU
		{FED461CA-E094-4C07-8869-8CD65F84B912}.Ad-Hoc|iPhoneSimulator.Deploy.0 = Release|Any CPU
		{FED461CA-E094-4C07-8869-8CD65F84B912}.Ad-Hoc|x64.ActiveCfg = Release|Any CPU
		{FED461CA-E094-4C07-8869-8CD65F84B912}.Ad-Hoc|x64.Build.0 = Release|Any CPU
		{FED461CA-E094-4C07-8869-8CD65F84B912}.Ad-Hoc|x64.Deploy.0 = Release|Any CPU
		{FED461CA-E094-4C07-8869-8CD65F84B912}.Ad-Hoc|x86.ActiveCfg = Release|Any CPU
		{FED461CA-E094-4C07-8869-8CD65F84B912}.Ad-Hoc|x86.Build.0 = Release|Any CPU
		{FED461CA-E094-4C07-8869-8CD65F84B912}.Ad-Hoc|x86.Deploy.0 = Release|Any CPU
		{FED461CA-E094-4C07-8869-8CD65F84B912}.AppStore|Any CPU.ActiveCfg = Release|Any CPU
		{FED461CA-E094-4C07-8869-8CD65F84B912}.AppStore|Any CPU.Build.0 = Release|Any CPU
		{FED461CA-E094-4C07-8869-8CD65F84B912}.AppStore|Any CPU.Deploy.0 = Release|Any CPU
		{FED461CA-E094-4C07-8869-8CD65F84B912}.AppStore|ARM.ActiveCfg = Release|Any CPU
		{FED461CA-E094-4C07-8869-8CD65F84B912}.AppStore|ARM.Build.0 = Release|Any CPU
		{FED461CA-E094-4C07-8869-8CD65F84B912}.AppStore|ARM.Deploy.0 = Release|Any CPU
		{FED461CA-E094-4C07-8869-8CD65F84B912}.AppStore|iPhone.ActiveCfg = Release|Any CPU
		{FED461CA-E094-4C07-8869-8CD65F84B912}.AppStore|iPhone.Build.0 = Release|Any CPU
		{FED461CA-E094-4C07-8869-8CD65F84B912}.AppStore|iPhone.Deploy.0 = Release|Any CPU
		{FED461CA-E094-4C07-8869-8CD65F84B912}.AppStore|iPhoneSimulator.ActiveCfg = Release|Any CPU
		{FED461CA-E094-4C07-8869-8CD65F84B912}.AppStore|iPhoneSimulator.Build.0 = Release|Any CPU
		{FED461CA-E094-4C07-8869-8CD65F84B912}.AppStore|iPhoneSimulator.Deploy.0 = Release|Any CPU
		{FED461CA-E094-4C07-8869-8CD65F84B912}.AppStore|x64.ActiveCfg = Release|Any CPU
		{FED461CA-E094-4C07-8869-8CD65F84B912}.AppStore|x64.Build.0 = Release|Any CPU
		{FED461CA-E094-4C07-8869-8CD65F84B912}.AppStore|x64.Deploy.0 = Release|Any CPU
		{FED461CA-E094-4C07-8869-8CD65F84B912}.AppStore|x86.ActiveCfg = Release|Any CPU
		{FED461CA-E094-4C07-8869-8CD65F84B912}.AppStore|x86.Build.0 = Release|Any CPU
		{FED461CA-E094-4C07-8869-8CD65F84B912}.AppStore|x86.Deploy.0 = Release|Any CPU
		{FED461CA-E094-4C07-8869-8CD65F84B912}.Debug|Any CPU.ActiveCfg = Debug|Any CPU
		{FED461CA-E094-4C07-8869-8CD65F84B912}.Debug|Any CPU.Build.0 = Debug|Any CPU
		{FED461CA-E094-4C07-8869-8CD65F84B912}.Debug|Any CPU.Deploy.0 = Debug|Any CPU
		{FED461CA-E094-4C07-8869-8CD65F84B912}.Debug|ARM.ActiveCfg = Debug|Any CPU
		{FED461CA-E094-4C07-8869-8CD65F84B912}.Debug|ARM.Build.0 = Debug|Any CPU
		{FED461CA-E094-4C07-8869-8CD65F84B912}.Debug|ARM.Deploy.0 = Debug|Any CPU
		{FED461CA-E094-4C07-8869-8CD65F84B912}.Debug|iPhone.ActiveCfg = Debug|Any CPU
		{FED461CA-E094-4C07-8869-8CD65F84B912}.Debug|iPhone.Build.0 = Debug|Any CPU
		{FED461CA-E094-4C07-8869-8CD65F84B912}.Debug|iPhone.Deploy.0 = Debug|Any CPU
		{FED461CA-E094-4C07-8869-8CD65F84B912}.Debug|iPhoneSimulator.ActiveCfg = Debug|Any CPU
		{FED461CA-E094-4C07-8869-8CD65F84B912}.Debug|iPhoneSimulator.Build.0 = Debug|Any CPU
		{FED461CA-E094-4C07-8869-8CD65F84B912}.Debug|iPhoneSimulator.Deploy.0 = Debug|Any CPU
		{FED461CA-E094-4C07-8869-8CD65F84B912}.Debug|x64.ActiveCfg = Debug|Any CPU
		{FED461CA-E094-4C07-8869-8CD65F84B912}.Debug|x64.Build.0 = Debug|Any CPU
		{FED461CA-E094-4C07-8869-8CD65F84B912}.Debug|x64.Deploy.0 = Debug|Any CPU
		{FED461CA-E094-4C07-8869-8CD65F84B912}.Debug|x86.ActiveCfg = Debug|Any CPU
		{FED461CA-E094-4C07-8869-8CD65F84B912}.Debug|x86.Build.0 = Debug|Any CPU
		{FED461CA-E094-4C07-8869-8CD65F84B912}.Debug|x86.Deploy.0 = Debug|Any CPU
		{FED461CA-E094-4C07-8869-8CD65F84B912}.Release|Any CPU.ActiveCfg = Release|Any CPU
		{FED461CA-E094-4C07-8869-8CD65F84B912}.Release|Any CPU.Build.0 = Release|Any CPU
		{FED461CA-E094-4C07-8869-8CD65F84B912}.Release|Any CPU.Deploy.0 = Release|Any CPU
		{FED461CA-E094-4C07-8869-8CD65F84B912}.Release|ARM.ActiveCfg = Release|Any CPU
		{FED461CA-E094-4C07-8869-8CD65F84B912}.Release|ARM.Build.0 = Release|Any CPU
		{FED461CA-E094-4C07-8869-8CD65F84B912}.Release|ARM.Deploy.0 = Release|Any CPU
		{FED461CA-E094-4C07-8869-8CD65F84B912}.Release|iPhone.ActiveCfg = Release|Any CPU
		{FED461CA-E094-4C07-8869-8CD65F84B912}.Release|iPhone.Build.0 = Release|Any CPU
		{FED461CA-E094-4C07-8869-8CD65F84B912}.Release|iPhone.Deploy.0 = Release|Any CPU
		{FED461CA-E094-4C07-8869-8CD65F84B912}.Release|iPhoneSimulator.ActiveCfg = Release|Any CPU
		{FED461CA-E094-4C07-8869-8CD65F84B912}.Release|iPhoneSimulator.Build.0 = Release|Any CPU
		{FED461CA-E094-4C07-8869-8CD65F84B912}.Release|iPhoneSimulator.Deploy.0 = Release|Any CPU
		{FED461CA-E094-4C07-8869-8CD65F84B912}.Release|x64.ActiveCfg = Release|Any CPU
		{FED461CA-E094-4C07-8869-8CD65F84B912}.Release|x64.Build.0 = Release|Any CPU
		{FED461CA-E094-4C07-8869-8CD65F84B912}.Release|x64.Deploy.0 = Release|Any CPU
		{FED461CA-E094-4C07-8869-8CD65F84B912}.Release|x86.ActiveCfg = Release|Any CPU
		{FED461CA-E094-4C07-8869-8CD65F84B912}.Release|x86.Build.0 = Release|Any CPU
		{FED461CA-E094-4C07-8869-8CD65F84B912}.Release|x86.Deploy.0 = Release|Any CPU
		{C0676A31-3E8E-43B8-8C73-085592E988CA}.Ad-Hoc|Any CPU.ActiveCfg = Ad-Hoc|iPhone
		{C0676A31-3E8E-43B8-8C73-085592E988CA}.Ad-Hoc|ARM.ActiveCfg = Ad-Hoc|iPhone
		{C0676A31-3E8E-43B8-8C73-085592E988CA}.Ad-Hoc|iPhone.ActiveCfg = Ad-Hoc|iPhone
		{C0676A31-3E8E-43B8-8C73-085592E988CA}.Ad-Hoc|iPhone.Build.0 = Ad-Hoc|iPhone
		{C0676A31-3E8E-43B8-8C73-085592E988CA}.Ad-Hoc|iPhoneSimulator.ActiveCfg = Ad-Hoc|iPhoneSimulator
		{C0676A31-3E8E-43B8-8C73-085592E988CA}.Ad-Hoc|iPhoneSimulator.Build.0 = Ad-Hoc|iPhoneSimulator
		{C0676A31-3E8E-43B8-8C73-085592E988CA}.Ad-Hoc|x64.ActiveCfg = Ad-Hoc|iPhone
		{C0676A31-3E8E-43B8-8C73-085592E988CA}.Ad-Hoc|x86.ActiveCfg = Ad-Hoc|iPhone
		{C0676A31-3E8E-43B8-8C73-085592E988CA}.AppStore|Any CPU.ActiveCfg = AppStore|iPhone
		{C0676A31-3E8E-43B8-8C73-085592E988CA}.AppStore|ARM.ActiveCfg = AppStore|iPhone
		{C0676A31-3E8E-43B8-8C73-085592E988CA}.AppStore|iPhone.ActiveCfg = AppStore|iPhone
		{C0676A31-3E8E-43B8-8C73-085592E988CA}.AppStore|iPhone.Build.0 = AppStore|iPhone
		{C0676A31-3E8E-43B8-8C73-085592E988CA}.AppStore|iPhoneSimulator.ActiveCfg = AppStore|iPhoneSimulator
		{C0676A31-3E8E-43B8-8C73-085592E988CA}.AppStore|iPhoneSimulator.Build.0 = AppStore|iPhoneSimulator
		{C0676A31-3E8E-43B8-8C73-085592E988CA}.AppStore|x64.ActiveCfg = AppStore|iPhone
		{C0676A31-3E8E-43B8-8C73-085592E988CA}.AppStore|x86.ActiveCfg = AppStore|iPhone
		{C0676A31-3E8E-43B8-8C73-085592E988CA}.Debug|Any CPU.ActiveCfg = Debug|iPhone
		{C0676A31-3E8E-43B8-8C73-085592E988CA}.Debug|ARM.ActiveCfg = Debug|iPhone
		{C0676A31-3E8E-43B8-8C73-085592E988CA}.Debug|iPhone.ActiveCfg = Debug|iPhone
		{C0676A31-3E8E-43B8-8C73-085592E988CA}.Debug|iPhone.Build.0 = Debug|iPhone
		{C0676A31-3E8E-43B8-8C73-085592E988CA}.Debug|iPhoneSimulator.ActiveCfg = Debug|iPhoneSimulator
		{C0676A31-3E8E-43B8-8C73-085592E988CA}.Debug|iPhoneSimulator.Build.0 = Debug|iPhoneSimulator
		{C0676A31-3E8E-43B8-8C73-085592E988CA}.Debug|x64.ActiveCfg = Debug|iPhone
		{C0676A31-3E8E-43B8-8C73-085592E988CA}.Debug|x86.ActiveCfg = Debug|iPhone
		{C0676A31-3E8E-43B8-8C73-085592E988CA}.Release|Any CPU.ActiveCfg = Release|iPhone
		{C0676A31-3E8E-43B8-8C73-085592E988CA}.Release|ARM.ActiveCfg = Release|iPhone
		{C0676A31-3E8E-43B8-8C73-085592E988CA}.Release|iPhone.ActiveCfg = Release|iPhone
		{C0676A31-3E8E-43B8-8C73-085592E988CA}.Release|iPhone.Build.0 = Release|iPhone
		{C0676A31-3E8E-43B8-8C73-085592E988CA}.Release|iPhoneSimulator.ActiveCfg = Release|iPhoneSimulator
		{C0676A31-3E8E-43B8-8C73-085592E988CA}.Release|iPhoneSimulator.Build.0 = Release|iPhoneSimulator
		{C0676A31-3E8E-43B8-8C73-085592E988CA}.Release|x64.ActiveCfg = Release|iPhone
		{C0676A31-3E8E-43B8-8C73-085592E988CA}.Release|x86.ActiveCfg = Release|iPhone
		{0B6B8C75-1647-400E-9C03-DFEAD229422B}.Ad-Hoc|Any CPU.ActiveCfg = Release|Any CPU
		{0B6B8C75-1647-400E-9C03-DFEAD229422B}.Ad-Hoc|Any CPU.Build.0 = Release|Any CPU
		{0B6B8C75-1647-400E-9C03-DFEAD229422B}.Ad-Hoc|Any CPU.Deploy.0 = Release|Any CPU
		{0B6B8C75-1647-400E-9C03-DFEAD229422B}.Ad-Hoc|ARM.ActiveCfg = Release|ARM
		{0B6B8C75-1647-400E-9C03-DFEAD229422B}.Ad-Hoc|ARM.Build.0 = Release|ARM
		{0B6B8C75-1647-400E-9C03-DFEAD229422B}.Ad-Hoc|ARM.Deploy.0 = Release|ARM
		{0B6B8C75-1647-400E-9C03-DFEAD229422B}.Ad-Hoc|iPhone.ActiveCfg = Release|Any CPU
		{0B6B8C75-1647-400E-9C03-DFEAD229422B}.Ad-Hoc|iPhone.Build.0 = Release|Any CPU
		{0B6B8C75-1647-400E-9C03-DFEAD229422B}.Ad-Hoc|iPhone.Deploy.0 = Release|Any CPU
		{0B6B8C75-1647-400E-9C03-DFEAD229422B}.Ad-Hoc|iPhoneSimulator.ActiveCfg = Release|Any CPU
		{0B6B8C75-1647-400E-9C03-DFEAD229422B}.Ad-Hoc|iPhoneSimulator.Build.0 = Release|Any CPU
		{0B6B8C75-1647-400E-9C03-DFEAD229422B}.Ad-Hoc|iPhoneSimulator.Deploy.0 = Release|Any CPU
		{0B6B8C75-1647-400E-9C03-DFEAD229422B}.Ad-Hoc|x64.ActiveCfg = Release|Any CPU
		{0B6B8C75-1647-400E-9C03-DFEAD229422B}.Ad-Hoc|x64.Build.0 = Release|Any CPU
		{0B6B8C75-1647-400E-9C03-DFEAD229422B}.Ad-Hoc|x64.Deploy.0 = Release|Any CPU
		{0B6B8C75-1647-400E-9C03-DFEAD229422B}.Ad-Hoc|x86.ActiveCfg = Release|x86
		{0B6B8C75-1647-400E-9C03-DFEAD229422B}.Ad-Hoc|x86.Build.0 = Release|x86
		{0B6B8C75-1647-400E-9C03-DFEAD229422B}.Ad-Hoc|x86.Deploy.0 = Release|x86
		{0B6B8C75-1647-400E-9C03-DFEAD229422B}.AppStore|Any CPU.ActiveCfg = Release|Any CPU
		{0B6B8C75-1647-400E-9C03-DFEAD229422B}.AppStore|Any CPU.Build.0 = Release|Any CPU
		{0B6B8C75-1647-400E-9C03-DFEAD229422B}.AppStore|Any CPU.Deploy.0 = Release|Any CPU
		{0B6B8C75-1647-400E-9C03-DFEAD229422B}.AppStore|ARM.ActiveCfg = Release|ARM
		{0B6B8C75-1647-400E-9C03-DFEAD229422B}.AppStore|ARM.Build.0 = Release|ARM
		{0B6B8C75-1647-400E-9C03-DFEAD229422B}.AppStore|ARM.Deploy.0 = Release|ARM
		{0B6B8C75-1647-400E-9C03-DFEAD229422B}.AppStore|iPhone.ActiveCfg = Release|Any CPU
		{0B6B8C75-1647-400E-9C03-DFEAD229422B}.AppStore|iPhone.Build.0 = Release|Any CPU
		{0B6B8C75-1647-400E-9C03-DFEAD229422B}.AppStore|iPhone.Deploy.0 = Release|Any CPU
		{0B6B8C75-1647-400E-9C03-DFEAD229422B}.AppStore|iPhoneSimulator.ActiveCfg = Release|Any CPU
		{0B6B8C75-1647-400E-9C03-DFEAD229422B}.AppStore|iPhoneSimulator.Build.0 = Release|Any CPU
		{0B6B8C75-1647-400E-9C03-DFEAD229422B}.AppStore|iPhoneSimulator.Deploy.0 = Release|Any CPU
		{0B6B8C75-1647-400E-9C03-DFEAD229422B}.AppStore|x64.ActiveCfg = Release|Any CPU
		{0B6B8C75-1647-400E-9C03-DFEAD229422B}.AppStore|x64.Build.0 = Release|Any CPU
		{0B6B8C75-1647-400E-9C03-DFEAD229422B}.AppStore|x64.Deploy.0 = Release|Any CPU
		{0B6B8C75-1647-400E-9C03-DFEAD229422B}.AppStore|x86.ActiveCfg = Release|x86
		{0B6B8C75-1647-400E-9C03-DFEAD229422B}.AppStore|x86.Build.0 = Release|x86
		{0B6B8C75-1647-400E-9C03-DFEAD229422B}.AppStore|x86.Deploy.0 = Release|x86
		{0B6B8C75-1647-400E-9C03-DFEAD229422B}.Debug|Any CPU.ActiveCfg = Debug|Any CPU
		{0B6B8C75-1647-400E-9C03-DFEAD229422B}.Debug|Any CPU.Build.0 = Debug|Any CPU
		{0B6B8C75-1647-400E-9C03-DFEAD229422B}.Debug|Any CPU.Deploy.0 = Debug|Any CPU
		{0B6B8C75-1647-400E-9C03-DFEAD229422B}.Debug|ARM.ActiveCfg = Debug|ARM
		{0B6B8C75-1647-400E-9C03-DFEAD229422B}.Debug|ARM.Build.0 = Debug|ARM
		{0B6B8C75-1647-400E-9C03-DFEAD229422B}.Debug|ARM.Deploy.0 = Debug|ARM
		{0B6B8C75-1647-400E-9C03-DFEAD229422B}.Debug|iPhone.ActiveCfg = Debug|Any CPU
		{0B6B8C75-1647-400E-9C03-DFEAD229422B}.Debug|iPhone.Build.0 = Debug|Any CPU
		{0B6B8C75-1647-400E-9C03-DFEAD229422B}.Debug|iPhone.Deploy.0 = Debug|Any CPU
		{0B6B8C75-1647-400E-9C03-DFEAD229422B}.Debug|iPhoneSimulator.ActiveCfg = Debug|Any CPU
		{0B6B8C75-1647-400E-9C03-DFEAD229422B}.Debug|iPhoneSimulator.Build.0 = Debug|Any CPU
		{0B6B8C75-1647-400E-9C03-DFEAD229422B}.Debug|iPhoneSimulator.Deploy.0 = Debug|Any CPU
		{0B6B8C75-1647-400E-9C03-DFEAD229422B}.Debug|x64.ActiveCfg = Debug|Any CPU
		{0B6B8C75-1647-400E-9C03-DFEAD229422B}.Debug|x64.Build.0 = Debug|Any CPU
		{0B6B8C75-1647-400E-9C03-DFEAD229422B}.Debug|x64.Deploy.0 = Debug|Any CPU
		{0B6B8C75-1647-400E-9C03-DFEAD229422B}.Debug|x86.ActiveCfg = Debug|x86
		{0B6B8C75-1647-400E-9C03-DFEAD229422B}.Debug|x86.Build.0 = Debug|x86
		{0B6B8C75-1647-400E-9C03-DFEAD229422B}.Debug|x86.Deploy.0 = Debug|x86
		{0B6B8C75-1647-400E-9C03-DFEAD229422B}.Release|Any CPU.ActiveCfg = Release|Any CPU
		{0B6B8C75-1647-400E-9C03-DFEAD229422B}.Release|Any CPU.Build.0 = Release|Any CPU
		{0B6B8C75-1647-400E-9C03-DFEAD229422B}.Release|Any CPU.Deploy.0 = Release|Any CPU
		{0B6B8C75-1647-400E-9C03-DFEAD229422B}.Release|ARM.ActiveCfg = Release|ARM
		{0B6B8C75-1647-400E-9C03-DFEAD229422B}.Release|ARM.Build.0 = Release|ARM
		{0B6B8C75-1647-400E-9C03-DFEAD229422B}.Release|ARM.Deploy.0 = Release|ARM
		{0B6B8C75-1647-400E-9C03-DFEAD229422B}.Release|iPhone.ActiveCfg = Release|Any CPU
		{0B6B8C75-1647-400E-9C03-DFEAD229422B}.Release|iPhone.Build.0 = Release|Any CPU
		{0B6B8C75-1647-400E-9C03-DFEAD229422B}.Release|iPhone.Deploy.0 = Release|Any CPU
		{0B6B8C75-1647-400E-9C03-DFEAD229422B}.Release|iPhoneSimulator.ActiveCfg = Release|Any CPU
		{0B6B8C75-1647-400E-9C03-DFEAD229422B}.Release|iPhoneSimulator.Build.0 = Release|Any CPU
		{0B6B8C75-1647-400E-9C03-DFEAD229422B}.Release|iPhoneSimulator.Deploy.0 = Release|Any CPU
		{0B6B8C75-1647-400E-9C03-DFEAD229422B}.Release|x64.ActiveCfg = Release|Any CPU
		{0B6B8C75-1647-400E-9C03-DFEAD229422B}.Release|x64.Build.0 = Release|Any CPU
		{0B6B8C75-1647-400E-9C03-DFEAD229422B}.Release|x64.Deploy.0 = Release|Any CPU
		{0B6B8C75-1647-400E-9C03-DFEAD229422B}.Release|x86.ActiveCfg = Release|x86
		{0B6B8C75-1647-400E-9C03-DFEAD229422B}.Release|x86.Build.0 = Release|x86
		{0B6B8C75-1647-400E-9C03-DFEAD229422B}.Release|x86.Deploy.0 = Release|x86
		{E55CD9EA-CB41-463B-A51C-8571CDC850AF}.Ad-Hoc|Any CPU.ActiveCfg = Release|x86
		{E55CD9EA-CB41-463B-A51C-8571CDC850AF}.Ad-Hoc|Any CPU.Build.0 = Release|x86
		{E55CD9EA-CB41-463B-A51C-8571CDC850AF}.Ad-Hoc|Any CPU.Deploy.0 = Release|x86
		{E55CD9EA-CB41-463B-A51C-8571CDC850AF}.Ad-Hoc|ARM.ActiveCfg = Release|ARM
		{E55CD9EA-CB41-463B-A51C-8571CDC850AF}.Ad-Hoc|ARM.Build.0 = Release|ARM
		{E55CD9EA-CB41-463B-A51C-8571CDC850AF}.Ad-Hoc|ARM.Deploy.0 = Release|ARM
		{E55CD9EA-CB41-463B-A51C-8571CDC850AF}.Ad-Hoc|iPhone.ActiveCfg = Release|x86
		{E55CD9EA-CB41-463B-A51C-8571CDC850AF}.Ad-Hoc|iPhone.Build.0 = Release|x86
		{E55CD9EA-CB41-463B-A51C-8571CDC850AF}.Ad-Hoc|iPhone.Deploy.0 = Release|x86
		{E55CD9EA-CB41-463B-A51C-8571CDC850AF}.Ad-Hoc|iPhoneSimulator.ActiveCfg = Release|x86
		{E55CD9EA-CB41-463B-A51C-8571CDC850AF}.Ad-Hoc|iPhoneSimulator.Build.0 = Release|x86
		{E55CD9EA-CB41-463B-A51C-8571CDC850AF}.Ad-Hoc|iPhoneSimulator.Deploy.0 = Release|x86
		{E55CD9EA-CB41-463B-A51C-8571CDC850AF}.Ad-Hoc|x64.ActiveCfg = Release|x64
		{E55CD9EA-CB41-463B-A51C-8571CDC850AF}.Ad-Hoc|x64.Build.0 = Release|x64
		{E55CD9EA-CB41-463B-A51C-8571CDC850AF}.Ad-Hoc|x64.Deploy.0 = Release|x64
		{E55CD9EA-CB41-463B-A51C-8571CDC850AF}.Ad-Hoc|x86.ActiveCfg = Release|x86
		{E55CD9EA-CB41-463B-A51C-8571CDC850AF}.Ad-Hoc|x86.Build.0 = Release|x86
		{E55CD9EA-CB41-463B-A51C-8571CDC850AF}.Ad-Hoc|x86.Deploy.0 = Release|x86
		{E55CD9EA-CB41-463B-A51C-8571CDC850AF}.AppStore|Any CPU.ActiveCfg = Release|x86
		{E55CD9EA-CB41-463B-A51C-8571CDC850AF}.AppStore|Any CPU.Build.0 = Release|x86
		{E55CD9EA-CB41-463B-A51C-8571CDC850AF}.AppStore|Any CPU.Deploy.0 = Release|x86
		{E55CD9EA-CB41-463B-A51C-8571CDC850AF}.AppStore|ARM.ActiveCfg = Release|ARM
		{E55CD9EA-CB41-463B-A51C-8571CDC850AF}.AppStore|ARM.Build.0 = Release|ARM
		{E55CD9EA-CB41-463B-A51C-8571CDC850AF}.AppStore|ARM.Deploy.0 = Release|ARM
		{E55CD9EA-CB41-463B-A51C-8571CDC850AF}.AppStore|iPhone.ActiveCfg = Release|x86
		{E55CD9EA-CB41-463B-A51C-8571CDC850AF}.AppStore|iPhone.Build.0 = Release|x86
		{E55CD9EA-CB41-463B-A51C-8571CDC850AF}.AppStore|iPhone.Deploy.0 = Release|x86
		{E55CD9EA-CB41-463B-A51C-8571CDC850AF}.AppStore|iPhoneSimulator.ActiveCfg = Release|x86
		{E55CD9EA-CB41-463B-A51C-8571CDC850AF}.AppStore|iPhoneSimulator.Build.0 = Release|x86
		{E55CD9EA-CB41-463B-A51C-8571CDC850AF}.AppStore|iPhoneSimulator.Deploy.0 = Release|x86
		{E55CD9EA-CB41-463B-A51C-8571CDC850AF}.AppStore|x64.ActiveCfg = Release|x64
		{E55CD9EA-CB41-463B-A51C-8571CDC850AF}.AppStore|x64.Build.0 = Release|x64
		{E55CD9EA-CB41-463B-A51C-8571CDC850AF}.AppStore|x64.Deploy.0 = Release|x64
		{E55CD9EA-CB41-463B-A51C-8571CDC850AF}.AppStore|x86.ActiveCfg = Release|x86
		{E55CD9EA-CB41-463B-A51C-8571CDC850AF}.AppStore|x86.Build.0 = Release|x86
		{E55CD9EA-CB41-463B-A51C-8571CDC850AF}.AppStore|x86.Deploy.0 = Release|x86
		{E55CD9EA-CB41-463B-A51C-8571CDC850AF}.Debug|Any CPU.ActiveCfg = Debug|x86
		{E55CD9EA-CB41-463B-A51C-8571CDC850AF}.Debug|ARM.ActiveCfg = Debug|ARM
		{E55CD9EA-CB41-463B-A51C-8571CDC850AF}.Debug|ARM.Build.0 = Debug|ARM
		{E55CD9EA-CB41-463B-A51C-8571CDC850AF}.Debug|ARM.Deploy.0 = Debug|ARM
		{E55CD9EA-CB41-463B-A51C-8571CDC850AF}.Debug|iPhone.ActiveCfg = Debug|x86
		{E55CD9EA-CB41-463B-A51C-8571CDC850AF}.Debug|iPhoneSimulator.ActiveCfg = Debug|x86
		{E55CD9EA-CB41-463B-A51C-8571CDC850AF}.Debug|x64.ActiveCfg = Debug|x64
		{E55CD9EA-CB41-463B-A51C-8571CDC850AF}.Debug|x64.Build.0 = Debug|x64
		{E55CD9EA-CB41-463B-A51C-8571CDC850AF}.Debug|x64.Deploy.0 = Debug|x64
		{E55CD9EA-CB41-463B-A51C-8571CDC850AF}.Debug|x86.ActiveCfg = Debug|x86
		{E55CD9EA-CB41-463B-A51C-8571CDC850AF}.Debug|x86.Build.0 = Debug|x86
		{E55CD9EA-CB41-463B-A51C-8571CDC850AF}.Debug|x86.Deploy.0 = Debug|x86
		{E55CD9EA-CB41-463B-A51C-8571CDC850AF}.Release|Any CPU.ActiveCfg = Release|x86
		{E55CD9EA-CB41-463B-A51C-8571CDC850AF}.Release|ARM.ActiveCfg = Release|ARM
		{E55CD9EA-CB41-463B-A51C-8571CDC850AF}.Release|ARM.Build.0 = Release|ARM
		{E55CD9EA-CB41-463B-A51C-8571CDC850AF}.Release|ARM.Deploy.0 = Release|ARM
		{E55CD9EA-CB41-463B-A51C-8571CDC850AF}.Release|iPhone.ActiveCfg = Release|x86
		{E55CD9EA-CB41-463B-A51C-8571CDC850AF}.Release|iPhoneSimulator.ActiveCfg = Release|x86
		{E55CD9EA-CB41-463B-A51C-8571CDC850AF}.Release|x64.ActiveCfg = Release|x64
		{E55CD9EA-CB41-463B-A51C-8571CDC850AF}.Release|x64.Build.0 = Release|x64
		{E55CD9EA-CB41-463B-A51C-8571CDC850AF}.Release|x64.Deploy.0 = Release|x64
		{E55CD9EA-CB41-463B-A51C-8571CDC850AF}.Release|x86.ActiveCfg = Release|x86
		{E55CD9EA-CB41-463B-A51C-8571CDC850AF}.Release|x86.Build.0 = Release|x86
		{E55CD9EA-CB41-463B-A51C-8571CDC850AF}.Release|x86.Deploy.0 = Release|x86
		{374D66CE-456F-43F3-889D-E0A89F54AF5F}.Ad-Hoc|Any CPU.ActiveCfg = Release|Any CPU
		{374D66CE-456F-43F3-889D-E0A89F54AF5F}.Ad-Hoc|Any CPU.Build.0 = Release|Any CPU
		{374D66CE-456F-43F3-889D-E0A89F54AF5F}.Ad-Hoc|Any CPU.Deploy.0 = Release|Any CPU
		{374D66CE-456F-43F3-889D-E0A89F54AF5F}.Ad-Hoc|ARM.ActiveCfg = Release|ARM
		{374D66CE-456F-43F3-889D-E0A89F54AF5F}.Ad-Hoc|ARM.Build.0 = Release|ARM
		{374D66CE-456F-43F3-889D-E0A89F54AF5F}.Ad-Hoc|ARM.Deploy.0 = Release|ARM
		{374D66CE-456F-43F3-889D-E0A89F54AF5F}.Ad-Hoc|iPhone.ActiveCfg = Release|Any CPU
		{374D66CE-456F-43F3-889D-E0A89F54AF5F}.Ad-Hoc|iPhone.Build.0 = Release|Any CPU
		{374D66CE-456F-43F3-889D-E0A89F54AF5F}.Ad-Hoc|iPhone.Deploy.0 = Release|Any CPU
		{374D66CE-456F-43F3-889D-E0A89F54AF5F}.Ad-Hoc|iPhoneSimulator.ActiveCfg = Release|Any CPU
		{374D66CE-456F-43F3-889D-E0A89F54AF5F}.Ad-Hoc|iPhoneSimulator.Build.0 = Release|Any CPU
		{374D66CE-456F-43F3-889D-E0A89F54AF5F}.Ad-Hoc|iPhoneSimulator.Deploy.0 = Release|Any CPU
		{374D66CE-456F-43F3-889D-E0A89F54AF5F}.Ad-Hoc|x64.ActiveCfg = Release|x64
		{374D66CE-456F-43F3-889D-E0A89F54AF5F}.Ad-Hoc|x64.Build.0 = Release|x64
		{374D66CE-456F-43F3-889D-E0A89F54AF5F}.Ad-Hoc|x64.Deploy.0 = Release|x64
		{374D66CE-456F-43F3-889D-E0A89F54AF5F}.Ad-Hoc|x86.ActiveCfg = Release|x86
		{374D66CE-456F-43F3-889D-E0A89F54AF5F}.Ad-Hoc|x86.Build.0 = Release|x86
		{374D66CE-456F-43F3-889D-E0A89F54AF5F}.Ad-Hoc|x86.Deploy.0 = Release|x86
		{374D66CE-456F-43F3-889D-E0A89F54AF5F}.AppStore|Any CPU.ActiveCfg = Release|Any CPU
		{374D66CE-456F-43F3-889D-E0A89F54AF5F}.AppStore|Any CPU.Build.0 = Release|Any CPU
		{374D66CE-456F-43F3-889D-E0A89F54AF5F}.AppStore|Any CPU.Deploy.0 = Release|Any CPU
		{374D66CE-456F-43F3-889D-E0A89F54AF5F}.AppStore|ARM.ActiveCfg = Release|ARM
		{374D66CE-456F-43F3-889D-E0A89F54AF5F}.AppStore|ARM.Build.0 = Release|ARM
		{374D66CE-456F-43F3-889D-E0A89F54AF5F}.AppStore|ARM.Deploy.0 = Release|ARM
		{374D66CE-456F-43F3-889D-E0A89F54AF5F}.AppStore|iPhone.ActiveCfg = Release|Any CPU
		{374D66CE-456F-43F3-889D-E0A89F54AF5F}.AppStore|iPhone.Build.0 = Release|Any CPU
		{374D66CE-456F-43F3-889D-E0A89F54AF5F}.AppStore|iPhone.Deploy.0 = Release|Any CPU
		{374D66CE-456F-43F3-889D-E0A89F54AF5F}.AppStore|iPhoneSimulator.ActiveCfg = Release|Any CPU
		{374D66CE-456F-43F3-889D-E0A89F54AF5F}.AppStore|iPhoneSimulator.Build.0 = Release|Any CPU
		{374D66CE-456F-43F3-889D-E0A89F54AF5F}.AppStore|iPhoneSimulator.Deploy.0 = Release|Any CPU
		{374D66CE-456F-43F3-889D-E0A89F54AF5F}.AppStore|x64.ActiveCfg = Release|x64
		{374D66CE-456F-43F3-889D-E0A89F54AF5F}.AppStore|x64.Build.0 = Release|x64
		{374D66CE-456F-43F3-889D-E0A89F54AF5F}.AppStore|x64.Deploy.0 = Release|x64
		{374D66CE-456F-43F3-889D-E0A89F54AF5F}.AppStore|x86.ActiveCfg = Release|x86
		{374D66CE-456F-43F3-889D-E0A89F54AF5F}.AppStore|x86.Build.0 = Release|x86
		{374D66CE-456F-43F3-889D-E0A89F54AF5F}.AppStore|x86.Deploy.0 = Release|x86
		{374D66CE-456F-43F3-889D-E0A89F54AF5F}.Debug|Any CPU.ActiveCfg = Debug|Any CPU
		{374D66CE-456F-43F3-889D-E0A89F54AF5F}.Debug|Any CPU.Build.0 = Debug|Any CPU
		{374D66CE-456F-43F3-889D-E0A89F54AF5F}.Debug|Any CPU.Deploy.0 = Debug|Any CPU
		{374D66CE-456F-43F3-889D-E0A89F54AF5F}.Debug|ARM.ActiveCfg = Debug|ARM
		{374D66CE-456F-43F3-889D-E0A89F54AF5F}.Debug|ARM.Build.0 = Debug|ARM
		{374D66CE-456F-43F3-889D-E0A89F54AF5F}.Debug|ARM.Deploy.0 = Debug|ARM
		{374D66CE-456F-43F3-889D-E0A89F54AF5F}.Debug|iPhone.ActiveCfg = Debug|Any CPU
		{374D66CE-456F-43F3-889D-E0A89F54AF5F}.Debug|iPhone.Build.0 = Debug|Any CPU
		{374D66CE-456F-43F3-889D-E0A89F54AF5F}.Debug|iPhone.Deploy.0 = Debug|Any CPU
		{374D66CE-456F-43F3-889D-E0A89F54AF5F}.Debug|iPhoneSimulator.ActiveCfg = Debug|Any CPU
		{374D66CE-456F-43F3-889D-E0A89F54AF5F}.Debug|iPhoneSimulator.Build.0 = Debug|Any CPU
		{374D66CE-456F-43F3-889D-E0A89F54AF5F}.Debug|iPhoneSimulator.Deploy.0 = Debug|Any CPU
		{374D66CE-456F-43F3-889D-E0A89F54AF5F}.Debug|x64.ActiveCfg = Debug|x64
		{374D66CE-456F-43F3-889D-E0A89F54AF5F}.Debug|x64.Build.0 = Debug|x64
		{374D66CE-456F-43F3-889D-E0A89F54AF5F}.Debug|x64.Deploy.0 = Debug|x64
		{374D66CE-456F-43F3-889D-E0A89F54AF5F}.Debug|x86.ActiveCfg = Debug|x86
		{374D66CE-456F-43F3-889D-E0A89F54AF5F}.Debug|x86.Build.0 = Debug|x86
		{374D66CE-456F-43F3-889D-E0A89F54AF5F}.Debug|x86.Deploy.0 = Debug|x86
		{374D66CE-456F-43F3-889D-E0A89F54AF5F}.Release|Any CPU.ActiveCfg = Release|Any CPU
		{374D66CE-456F-43F3-889D-E0A89F54AF5F}.Release|Any CPU.Build.0 = Release|Any CPU
		{374D66CE-456F-43F3-889D-E0A89F54AF5F}.Release|Any CPU.Deploy.0 = Release|Any CPU
		{374D66CE-456F-43F3-889D-E0A89F54AF5F}.Release|ARM.ActiveCfg = Release|ARM
		{374D66CE-456F-43F3-889D-E0A89F54AF5F}.Release|ARM.Build.0 = Release|ARM
		{374D66CE-456F-43F3-889D-E0A89F54AF5F}.Release|ARM.Deploy.0 = Release|ARM
		{374D66CE-456F-43F3-889D-E0A89F54AF5F}.Release|iPhone.ActiveCfg = Release|Any CPU
		{374D66CE-456F-43F3-889D-E0A89F54AF5F}.Release|iPhone.Build.0 = Release|Any CPU
		{374D66CE-456F-43F3-889D-E0A89F54AF5F}.Release|iPhone.Deploy.0 = Release|Any CPU
		{374D66CE-456F-43F3-889D-E0A89F54AF5F}.Release|iPhoneSimulator.ActiveCfg = Release|Any CPU
		{374D66CE-456F-43F3-889D-E0A89F54AF5F}.Release|iPhoneSimulator.Build.0 = Release|Any CPU
		{374D66CE-456F-43F3-889D-E0A89F54AF5F}.Release|iPhoneSimulator.Deploy.0 = Release|Any CPU
		{374D66CE-456F-43F3-889D-E0A89F54AF5F}.Release|x64.ActiveCfg = Release|x64
		{374D66CE-456F-43F3-889D-E0A89F54AF5F}.Release|x64.Build.0 = Release|x64
		{374D66CE-456F-43F3-889D-E0A89F54AF5F}.Release|x64.Deploy.0 = Release|x64
		{374D66CE-456F-43F3-889D-E0A89F54AF5F}.Release|x86.ActiveCfg = Release|x86
		{374D66CE-456F-43F3-889D-E0A89F54AF5F}.Release|x86.Build.0 = Release|x86
		{374D66CE-456F-43F3-889D-E0A89F54AF5F}.Release|x86.Deploy.0 = Release|x86
		{503F96D4-7A2E-49C6-BC26-8489C5234233}.Ad-Hoc|Any CPU.ActiveCfg = Release|Any CPU
		{503F96D4-7A2E-49C6-BC26-8489C5234233}.Ad-Hoc|Any CPU.Build.0 = Release|Any CPU
		{503F96D4-7A2E-49C6-BC26-8489C5234233}.Ad-Hoc|ARM.ActiveCfg = Release|Any CPU
		{503F96D4-7A2E-49C6-BC26-8489C5234233}.Ad-Hoc|ARM.Build.0 = Release|Any CPU
		{503F96D4-7A2E-49C6-BC26-8489C5234233}.Ad-Hoc|iPhone.ActiveCfg = Release|Any CPU
		{503F96D4-7A2E-49C6-BC26-8489C5234233}.Ad-Hoc|iPhone.Build.0 = Release|Any CPU
		{503F96D4-7A2E-49C6-BC26-8489C5234233}.Ad-Hoc|iPhoneSimulator.ActiveCfg = Release|Any CPU
		{503F96D4-7A2E-49C6-BC26-8489C5234233}.Ad-Hoc|iPhoneSimulator.Build.0 = Release|Any CPU
		{503F96D4-7A2E-49C6-BC26-8489C5234233}.Ad-Hoc|x64.ActiveCfg = Release|Any CPU
		{503F96D4-7A2E-49C6-BC26-8489C5234233}.Ad-Hoc|x64.Build.0 = Release|Any CPU
		{503F96D4-7A2E-49C6-BC26-8489C5234233}.Ad-Hoc|x86.ActiveCfg = Release|Any CPU
		{503F96D4-7A2E-49C6-BC26-8489C5234233}.Ad-Hoc|x86.Build.0 = Release|Any CPU
		{503F96D4-7A2E-49C6-BC26-8489C5234233}.AppStore|Any CPU.ActiveCfg = Release|Any CPU
		{503F96D4-7A2E-49C6-BC26-8489C5234233}.AppStore|Any CPU.Build.0 = Release|Any CPU
		{503F96D4-7A2E-49C6-BC26-8489C5234233}.AppStore|ARM.ActiveCfg = Release|Any CPU
		{503F96D4-7A2E-49C6-BC26-8489C5234233}.AppStore|ARM.Build.0 = Release|Any CPU
		{503F96D4-7A2E-49C6-BC26-8489C5234233}.AppStore|iPhone.ActiveCfg = Release|Any CPU
		{503F96D4-7A2E-49C6-BC26-8489C5234233}.AppStore|iPhone.Build.0 = Release|Any CPU
		{503F96D4-7A2E-49C6-BC26-8489C5234233}.AppStore|iPhoneSimulator.ActiveCfg = Release|Any CPU
		{503F96D4-7A2E-49C6-BC26-8489C5234233}.AppStore|iPhoneSimulator.Build.0 = Release|Any CPU
		{503F96D4-7A2E-49C6-BC26-8489C5234233}.AppStore|x64.ActiveCfg = Release|Any CPU
		{503F96D4-7A2E-49C6-BC26-8489C5234233}.AppStore|x64.Build.0 = Release|Any CPU
		{503F96D4-7A2E-49C6-BC26-8489C5234233}.AppStore|x86.ActiveCfg = Release|Any CPU
		{503F96D4-7A2E-49C6-BC26-8489C5234233}.AppStore|x86.Build.0 = Release|Any CPU
		{503F96D4-7A2E-49C6-BC26-8489C5234233}.Debug|Any CPU.ActiveCfg = Debug|Any CPU
		{503F96D4-7A2E-49C6-BC26-8489C5234233}.Debug|Any CPU.Build.0 = Debug|Any CPU
		{503F96D4-7A2E-49C6-BC26-8489C5234233}.Debug|ARM.ActiveCfg = Debug|Any CPU
		{503F96D4-7A2E-49C6-BC26-8489C5234233}.Debug|ARM.Build.0 = Debug|Any CPU
		{503F96D4-7A2E-49C6-BC26-8489C5234233}.Debug|iPhone.ActiveCfg = Debug|Any CPU
		{503F96D4-7A2E-49C6-BC26-8489C5234233}.Debug|iPhone.Build.0 = Debug|Any CPU
		{503F96D4-7A2E-49C6-BC26-8489C5234233}.Debug|iPhoneSimulator.ActiveCfg = Debug|Any CPU
		{503F96D4-7A2E-49C6-BC26-8489C5234233}.Debug|iPhoneSimulator.Build.0 = Debug|Any CPU
		{503F96D4-7A2E-49C6-BC26-8489C5234233}.Debug|x64.ActiveCfg = Debug|Any CPU
		{503F96D4-7A2E-49C6-BC26-8489C5234233}.Debug|x64.Build.0 = Debug|Any CPU
		{503F96D4-7A2E-49C6-BC26-8489C5234233}.Debug|x86.ActiveCfg = Debug|Any CPU
		{503F96D4-7A2E-49C6-BC26-8489C5234233}.Debug|x86.Build.0 = Debug|Any CPU
		{503F96D4-7A2E-49C6-BC26-8489C5234233}.Release|Any CPU.ActiveCfg = Release|Any CPU
		{503F96D4-7A2E-49C6-BC26-8489C5234233}.Release|Any CPU.Build.0 = Release|Any CPU
		{503F96D4-7A2E-49C6-BC26-8489C5234233}.Release|ARM.ActiveCfg = Release|Any CPU
		{503F96D4-7A2E-49C6-BC26-8489C5234233}.Release|ARM.Build.0 = Release|Any CPU
		{503F96D4-7A2E-49C6-BC26-8489C5234233}.Release|iPhone.ActiveCfg = Release|Any CPU
		{503F96D4-7A2E-49C6-BC26-8489C5234233}.Release|iPhone.Build.0 = Release|Any CPU
		{503F96D4-7A2E-49C6-BC26-8489C5234233}.Release|iPhoneSimulator.ActiveCfg = Release|Any CPU
		{503F96D4-7A2E-49C6-BC26-8489C5234233}.Release|iPhoneSimulator.Build.0 = Release|Any CPU
		{503F96D4-7A2E-49C6-BC26-8489C5234233}.Release|x64.ActiveCfg = Release|Any CPU
		{503F96D4-7A2E-49C6-BC26-8489C5234233}.Release|x64.Build.0 = Release|Any CPU
		{503F96D4-7A2E-49C6-BC26-8489C5234233}.Release|x86.ActiveCfg = Release|Any CPU
		{503F96D4-7A2E-49C6-BC26-8489C5234233}.Release|x86.Build.0 = Release|Any CPU
	EndGlobalSection
	GlobalSection(SolutionProperties) = preSolution
		HideSolutionNode = FALSE
	EndGlobalSection
EndGlobal
